
Microsoft Visual Studio Solution File, Format Version 12.00
# Visual Studio Version 17
VisualStudioVersion = 17.1.32407.343
MinimumVisualStudioVersion = 10.0.40219.1
Project("{9A19103F-16F7-4668-BE54-9A1E7A4F7556}") = "Oink.Core.Domain", "Oink.Core.Domain\Oink.Core.Domain.csproj", "{3956B6C8-E282-447E-8859-F2C80353DF90}"
EndProject
Global
	GlobalSection(SolutionConfigurationPlatforms) = preSolution
		Debug|Any CPU = Debug|Any CPU
		Release|Any CPU = Release|Any CPU
	EndGlobalSection
	GlobalSection(ProjectConfigurationPlatforms) = postSolution
		{3956B6C8-E282-447E-8859-F2C80353DF90}.Debug|Any CPU.ActiveCfg = Debug|Any CPU
		{3956B6C8-E282-447E-8859-F2C80353DF90}.Debug|Any CPU.Build.0 = Debug|Any CPU
		{3956B6C8-E282-447E-8859-F2C80353DF90}.Release|Any CPU.ActiveCfg = Release|Any CPU
		{3956B6C8-E282-447E-8859-F2C80353DF90}.Release|Any CPU.Build.0 = Release|Any CPU
	EndGlobalSection
	GlobalSection(SolutionProperties) = preSolution
		HideSolutionNode = FALSE
	EndGlobalSection
	GlobalSection(ExtensibilityGlobals) = postSolution
		SolutionGuid = {EA4D2C1C-7E49-4614-B6E3-58302C8072D3}
	EndGlobalSection
EndGlobal
